{
  "nodes": {
    "brew-src": {
      "flake": false,
      "locked": {
        "lastModified": 1786348930,
        "narHash": "sha256-bCQJkbgsAMDp5HQystZLCq11UHiyEuoWbxKulAPYrh8=",
        "owner": "Homebrew",
        "repo": "brew",
        "rev": "3ecc9eff23feebf1bc73846d74e14a122c93b66f",
        "type": "github"
      },
      "original": {
        "owner": "Homebrew",
        "ref": "6.0.16",
        "repo": "brew",
        "type": "github"
      }
    },
    "flake-compat": {
      "flake": false,
      "locked": {
        "lastModified": 1767039857,
        "narHash": "sha256-vNpUSpF5Nuw8xvDLj2KCwwksIbjua2LZCqhV1LNRDns=",
        "owner": "NixOS",
        "repo": "flake-compat",
        "rev": "5edf11c44bc78a0d334f6334cdaf7d60d732daab",
        "type": "github"
      },
      "original": {
        "owner": "NixOS",
        "repo": "flake-compat",
        "type": "github"
      }
    },
    "home-manager": {
      "inputs": {
        "nixpkgs": [
          "nixpkgs"
        ]
      },
      "locked": {
        "lastModified": 1787146702,
        "narHash": "sha256-YbRcLdU/yK4gWsQg7V8WTKZHfXL33g8+wSFUX3wyevs=",
        "owner": "nix-community",
        "repo": "home-manager",
        "rev": "173b7e8d40fdc8c296a9c99854314f17a3a1704c",
        "type": "github"
      },
      "original": {
        "owner": "nix-community",
        "ref": "release-26.05",
        "repo": "home-manager",
        "type": "github"
      }
    },
    "homebrew-cask": {
      "flake": false,
      "locked": {
        "lastModified": 1787245927,
        "narHash": "sha256-I4FZQnx3G8DR5hAGlvbUr6CfoK6MgHtvRBFRtWVylgw=",
        "owner": "homebrew",
        "repo": "homebrew-cask",
        "rev": "48604809478e1a6748c5e2050b4d4e3f290c956e",
        "type": "github"
      },
      "original": {
        "owner": "homebrew",
        "repo": "homebrew-cask",
        "type": "github"
      }
    },
    "homebrew-core": {
      "flake": false,
      "locked": {
        "lastModified": 1787243225,
        "narHash": "sha256-shlNSKl1HWt5xpwqDkensGhMCIbFR8iqA42YpI3scmI=",
        "owner": "homebrew",
        "repo": "homebrew-core",
        "rev": "1f08ef3fe11e3fe90886daa0ad6e20dcd866b4e8",
        "type": "github"
      },
      "original": {
        "owner": "homebrew",
        "repo": "homebrew-core",
        "type": "github"
      }
    },
    "homebrew-vorssaint": {
      "flake": false,
      "locked": {
        "lastModified": 1787218156,
        "narHash": "sha256-Us5LK6FGIU0nfxY724wD6DugUM7RK4vYvuC9aGFttRI=",
        "owner": "vorssaint",
        "repo": "homebrew-tap",
        "rev": "d05e07153b574c413a119e896980c98e1de07903",
        "type": "github"
      },
      "original": {
        "owner": "vorssaint",
        "repo": "homebrew-tap",
        "type": "github"
      }
    },
    "nix-darwin": {
      "inputs": {
        "nixpkgs": [
          "nixpkgs"
        ]
      },
      "locked": {
        "lastModified": 1783744694,
        "narHash": "sha256-2cp6N3rrwnGYLTx9l6N+NI+kwrCWxvJUbj5WJhvB29A=",
        "owner": "nix-darwin",
        "repo": "nix-darwin",
        "rev": "c3e90c89649b07d1a96e4b9dd6cd0d6e44b91a74",
        "type": "github"
      },
      "original": {
        "owner": "nix-darwin",
        "ref": "nix-darwin-26.05",
        "repo": "nix-darwin",
        "type": "github"
      }
    },
    "nix-homebrew": {
      "inputs": {
        "brew-src": "brew-src"
      },
      "locked": {
        "lastModified": 1786686423,
        "narHash": "sha256-8q3WdB8o3VUI7rOz1OXfioXIaaWbFTAxRJAkWLlfc0s=",
        "owner": "zhaofengli",
        "repo": "nix-homebrew",
        "rev": "ccabf79a6b9845eb72b51ea1d9c7ce3446350df3",
        "type": "github"
      },
      "original": {
        "owner": "zhaofengli",
        "repo": "nix-homebrew",
        "type": "github"
      }
    },
    "nix-vscode-extensions": {
      "inputs": {
        "nixpkgs": [
          "nixpkgs"
        ]
      },
      "locked": {
        "lastModified": 1787189790,
        "narHash": "sha256-nxn1PrNDZ45AzoiZse3Uu+X5UH+Uj95wuWTzggC5V+k=",
        "owner": "nix-community",
        "repo": "nix-vscode-extensions",
        "rev": "81ab2acb9f2f2312c4fba3ad21923c173ad20693",
        "type": "github"
      },
      "original": {
        "owner": "nix-community",
        "repo": "nix-vscode-extensions",
        "type": "github"
      }
    },
    "nixpkgs": {
      "locked": {
        "lastModified": 1786920013,
        "narHash": "sha256-tlbRqzZ3suDUO3vyR0QFBk0TrxJiRP50t7VWfHhtVrw=",
        "owner": "NixOS",
        "repo": "nixpkgs",
        "rev": "33da5f36e599b50aa7dbbfacb718254423b18354",
        "type": "github"
      },
      "original": {
        "owner": "NixOS",
        "ref": "nixpkgs-26.05-darwin",
        "repo": "nixpkgs",
        "type": "github"
      }
    },
    "phps": {
      "inputs": {
        "flake-compat": "flake-compat",
        "nixpkgs": [
          "nixpkgs"
        ]
      },
      "locked": {
        "lastModified": 1786800462,
        "narHash": "sha256-3OxGXGQP8WfPkFvsgUL+iqwmGF24BbawXzIVBYZSj64=",
        "owner": "fossar",
        "repo": "nix-phps",
        "rev": "e852f5bcba826153990a7987f748caff2aeff025",
        "type": "github"
      },
      "original": {
        "owner": "fossar",
        "repo": "nix-phps",
        "type": "github"
      }
    },
    "root": {
      "inputs": {
        "home-manager": "home-manager",
        "homebrew-cask": "homebrew-cask",
        "homebrew-core": "homebrew-core",
        "homebrew-vorssaint": "homebrew-vorssaint",
        "nix-darwin": "nix-darwin",
        "nix-homebrew": "nix-homebrew",
        "nix-vscode-extensions": "nix-vscode-extensions",
        "nixpkgs": "nixpkgs",
        "phps": "phps"
      }
    }
  },
  "root": "root",
  "version": 7
}
